
Microsoft Visual Studio Solution File, Format Version 12.00
# Visual Studio Version 16
VisualStudioVersion = 16.0.31515.178
MinimumVisualStudioVersion = 10.0.40219.1
Project("{9A19103F-16F7-4668-BE54-9A1E7A4F7556}") = "RestaurantManagement", "RestaurantManagement.csproj", "{F204AEB4-89EF-4D27-BB47-6B2BA5F77C5A}"
EndProject
Global
	GlobalSection(SolutionConfigurationPlatforms) = preSolution
		All|Any CPU = All|Any CPU
		Debug|Any CPU = Debug|Any CPU
		Release|Any CPU = Release|Any CPU
	EndGlobalSection
	GlobalSection(ProjectConfigurationPlatforms) = postSolution
		{F204AEB4-89EF-4D27-BB47-6B2BA5F77C5A}.All|Any CPU.ActiveCfg = Release|Any CPU
		{F204AEB4-89EF-4D27-BB47-6B2BA5F77C5A}.All|Any CPU.Build.0 = Release|Any CPU
		{F204AEB4-89EF-4D27-BB47-6B2BA5F77C5A}.Debug|Any CPU.ActiveCfg = Debug|Any CPU
		{F204AEB4-89EF-4D27-BB47-6B2BA5F77C5A}.Debug|Any CPU.Build.0 = Debug|Any CPU
		{F204AEB4-89EF-4D27-BB47-6B2BA5F77C5A}.Release|Any CPU.ActiveCfg = Release|Any CPU
		{F204AEB4-89EF-4D27-BB47-6B2BA5F77C5A}.Release|Any CPU.Build.0 = Release|Any CPU
	EndGlobalSection
	GlobalSection(SolutionProperties) = preSolution
		HideSolutionNode = FALSE
	EndGlobalSection
	GlobalSection(ExtensibilityGlobals) = postSolution
		SolutionGuid = {7F8EDCC0-D6D1-409B-88F6-AD0B034E08FB}
	EndGlobalSection
EndGlobal
